
Microsoft Visual Studio Solution File, Format Version 11.00
# Visual Studio 2010
Project("{FAE04EC0-301F-11D3-BF4B-00C04F79EFBC}") = "Assembly-CSharp", "Assembly-CSharp.csproj", "{F83EADFA-DBAD-5A3D-695B-16A6C729A552}"
EndProject
Project("{FAE04EC0-301F-11D3-BF4B-00C04F79EFBC}") = "Assembly-CSharp-firstpass", "Assembly-CSharp-firstpass.csproj", "{ECF74CCC-F3FB-882C-31DD-DA293ABB4216}"
EndProject
Project("{FAE04EC0-301F-11D3-BF4B-00C04F79EFBC}") = "Assembly-CSharp-Editor-firstpass", "Assembly-CSharp-Editor-firstpass.csproj", "{ADACFCAA-26D3-BFEE-86DB-BD0190D80445}"
EndProject
Global
	GlobalSection(SolutionConfigurationPlatforms) = preSolution
		Debug|Any CPU = Debug|Any CPU
		Release|Any CPU = Release|Any CPU
	EndGlobalSection
	GlobalSection(ProjectConfigurationPlatforms) = postSolution
		{F83EADFA-DBAD-5A3D-695B-16A6C729A552}.Debug|Any CPU.ActiveCfg = Debug|Any CPU
		{F83EADFA-DBAD-5A3D-695B-16A6C729A552}.Debug|Any CPU.Build.0 = Debug|Any CPU
		{F83EADFA-DBAD-5A3D-695B-16A6C729A552}.Release|Any CPU.ActiveCfg = Release|Any CPU
		{F83EADFA-DBAD-5A3D-695B-16A6C729A552}.Release|Any CPU.Build.0 = Release|Any CPU
		{ECF74CCC-F3FB-882C-31DD-DA293ABB4216}.Debug|Any CPU.ActiveCfg = Debug|Any CPU
		{ECF74CCC-F3FB-882C-31DD-DA293ABB4216}.Debug|Any CPU.Build.0 = Debug|Any CPU
		{ECF74CCC-F3FB-882C-31DD-DA293ABB4216}.Release|Any CPU.ActiveCfg = Release|Any CPU
		{ECF74CCC-F3FB-882C-31DD-DA293ABB4216}.Release|Any CPU.Build.0 = Release|Any CPU
		{ADACFCAA-26D3-BFEE-86DB-BD0190D80445}.Debug|Any CPU.ActiveCfg = Debug|Any CPU
		{ADACFCAA-26D3-BFEE-86DB-BD0190D80445}.Debug|Any CPU.Build.0 = Debug|Any CPU
		{ADACFCAA-26D3-BFEE-86DB-BD0190D80445}.Release|Any CPU.ActiveCfg = Release|Any CPU
		{ADACFCAA-26D3-BFEE-86DB-BD0190D80445}.Release|Any CPU.Build.0 = Release|Any CPU
	EndGlobalSection
	GlobalSection(SolutionProperties) = preSolution
		HideSolutionNode = FALSE
	EndGlobalSection
	GlobalSection(MonoDevelopProperties) = preSolution
		StartupItem = Assembly-CSharp.csproj
	EndGlobalSection
EndGlobal
